
Microsoft Visual Studio Solution File, Format Version 12.00
# Visual Studio Version 17
VisualStudioVersion = 17.0.31903.59
MinimumVisualStudioVersion = 10.0.40219.1
Project("{9A19103F-16F7-4668-BE54-9A1E7A4F7556}") = "Kata", "Kata\Kata.csproj", "{382C95E6-3C57-4982-98DA-7BBC638C90E6}"
EndProject
Project("{9A19103F-16F7-4668-BE54-9A1E7A4F7556}") = "Kata.Tests", "Kata.Tests\Kata.Tests.csproj", "{3448ED92-7B62-4793-9686-5965312AD11F}"
EndProject
Global
	GlobalSection(SolutionConfigurationPlatforms) = preSolution
		Debug|Any CPU = Debug|Any CPU
		Release|Any CPU = Release|Any CPU
	EndGlobalSection
	GlobalSection(ProjectConfigurationPlatforms) = postSolution
		{382C95E6-3C57-4982-98DA-7BBC638C90E6}.Debug|Any CPU.ActiveCfg = Debug|Any CPU
		{382C95E6-3C57-4982-98DA-7BBC638C90E6}.Debug|Any CPU.Build.0 = Debug|Any CPU
		{382C95E6-3C57-4982-98DA-7BBC638C90E6}.Release|Any CPU.ActiveCfg = Release|Any CPU
		{382C95E6-3C57-4982-98DA-7BBC638C90E6}.Release|Any CPU.Build.0 = Release|Any CPU
		{3448ED92-7B62-4793-9686-5965312AD11F}.Debug|Any CPU.ActiveCfg = Debug|Any CPU
		{3448ED92-7B62-4793-9686-5965312AD11F}.Debug|Any CPU.Build.0 = Debug|Any CPU
		{3448ED92-7B62-4793-9686-5965312AD11F}.Release|Any CPU.ActiveCfg = Release|Any CPU
		{3448ED92-7B62-4793-9686-5965312AD11F}.Release|Any CPU.Build.0 = Release|Any CPU
	EndGlobalSection
	GlobalSection(SolutionProperties) = preSolution
		HideSolutionNode = FALSE
	EndGlobalSection
	GlobalSection(ExtensibilityGlobals) = postSolution
		SolutionGuid = {EE449840-9FDB-4BCE-A7DC-16564B2ECEBF}
	EndGlobalSection
EndGlobal
