
Microsoft Visual Studio Solution File, Format Version 12.00
# Visual Studio Version 17
VisualStudioVersion = 17.0.31903.59
MinimumVisualStudioVersion = 10.0.40219.1
Project("{FAE04EC0-301F-11D3-BF4B-00C04F79EFBC}") = "MikeAndAnt.Tests", "MikeAndAnt.Tests\MikeAndAnt.Tests.csproj", "{A9088978-FF87-4D23-8E69-544B0FCD2C5C}"
EndProject
Project("{FAE04EC0-301F-11D3-BF4B-00C04F79EFBC}") = "MikeAndAnt.Api", "MikeAndAnt.Api\MikeAndAnt.Api.csproj", "{92E79CA7-25D5-40AC-9FC3-E1FB7945328E}"
EndProject
Global
	GlobalSection(SolutionConfigurationPlatforms) = preSolution
		Debug|Any CPU = Debug|Any CPU
		Release|Any CPU = Release|Any CPU
	EndGlobalSection
	GlobalSection(ProjectConfigurationPlatforms) = postSolution
		{A9088978-FF87-4D23-8E69-544B0FCD2C5C}.Debug|Any CPU.ActiveCfg = Debug|Any CPU
		{A9088978-FF87-4D23-8E69-544B0FCD2C5C}.Debug|Any CPU.Build.0 = Debug|Any CPU
		{A9088978-FF87-4D23-8E69-544B0FCD2C5C}.Release|Any CPU.ActiveCfg = Release|Any CPU
		{A9088978-FF87-4D23-8E69-544B0FCD2C5C}.Release|Any CPU.Build.0 = Release|Any CPU
		{92E79CA7-25D5-40AC-9FC3-E1FB7945328E}.Debug|Any CPU.ActiveCfg = Debug|Any CPU
		{92E79CA7-25D5-40AC-9FC3-E1FB7945328E}.Debug|Any CPU.Build.0 = Debug|Any CPU
		{92E79CA7-25D5-40AC-9FC3-E1FB7945328E}.Release|Any CPU.ActiveCfg = Release|Any CPU
		{92E79CA7-25D5-40AC-9FC3-E1FB7945328E}.Release|Any CPU.Build.0 = Release|Any CPU
	EndGlobalSection
	GlobalSection(SolutionProperties) = preSolution
		HideSolutionNode = FALSE
	EndGlobalSection
	GlobalSection(ExtensibilityGlobals) = postSolution
		SolutionGuid = {56BC3304-30BB-49E8-ADD3-3AD94800127C}
	EndGlobalSection
EndGlobal
