
Microsoft Visual Studio Solution File, Format Version 12.00
# Visual Studio Version 17
VisualStudioVersion = 17.10.35004.147
MinimumVisualStudioVersion = 10.0.40219.1
Project("{FAE04EC0-301F-11D3-BF4B-00C04F79EFBC}") = "Kata", "Kata\Kata.csproj", "{B2477066-69DD-4507-A759-9233C7AF5719}"
EndProject
Project("{FAE04EC0-301F-11D3-BF4B-00C04F79EFBC}") = "Kata.Tests", "Kata.Tests\Kata.Tests.csproj", "{F3B540E5-20A3-430D-AAE8-B8EB3ED9CBAC}"
EndProject
Global
	GlobalSection(SolutionConfigurationPlatforms) = preSolution
		Debug|Any CPU = Debug|Any CPU
		Release|Any CPU = Release|Any CPU
	EndGlobalSection
	GlobalSection(ProjectConfigurationPlatforms) = postSolution
		{B2477066-69DD-4507-A759-9233C7AF5719}.Debug|Any CPU.ActiveCfg = Debug|Any CPU
		{B2477066-69DD-4507-A759-9233C7AF5719}.Debug|Any CPU.Build.0 = Debug|Any CPU
		{B2477066-69DD-4507-A759-9233C7AF5719}.Release|Any CPU.ActiveCfg = Release|Any CPU
		{B2477066-69DD-4507-A759-9233C7AF5719}.Release|Any CPU.Build.0 = Release|Any CPU
		{F3B540E5-20A3-430D-AAE8-B8EB3ED9CBAC}.Debug|Any CPU.ActiveCfg = Debug|Any CPU
		{F3B540E5-20A3-430D-AAE8-B8EB3ED9CBAC}.Debug|Any CPU.Build.0 = Debug|Any CPU
		{F3B540E5-20A3-430D-AAE8-B8EB3ED9CBAC}.Release|Any CPU.ActiveCfg = Release|Any CPU
		{F3B540E5-20A3-430D-AAE8-B8EB3ED9CBAC}.Release|Any CPU.Build.0 = Release|Any CPU
	EndGlobalSection
	GlobalSection(SolutionProperties) = preSolution
		HideSolutionNode = FALSE
	EndGlobalSection
	GlobalSection(ExtensibilityGlobals) = postSolution
		SolutionGuid = {4C8D5FD1-ECF3-4A8D-9A30-750B0DDB88DB}
	EndGlobalSection
EndGlobal
