
Microsoft Visual Studio Solution File, Format Version 12.00
# Visual Studio 14
VisualStudioVersion = 14.0.25420.1
MinimumVisualStudioVersion = 10.0.40219.1
Project("{FAE04EC0-301F-11D3-BF4B-00C04F79EFBC}") = "checkout_kata", "checkout_kata\checkout_kata.csproj", "{D663046F-71DB-4BD5-B516-2B9561CA7732}"
EndProject
Project("{FAE04EC0-301F-11D3-BF4B-00C04F79EFBC}") = "checkout_kata.test", "checkout_kata.test\checkout_kata.test.csproj", "{BFA75679-D592-48CD-B3BC-9F483872207E}"
EndProject
Global
	GlobalSection(SolutionConfigurationPlatforms) = preSolution
		Debug|Any CPU = Debug|Any CPU
		Release|Any CPU = Release|Any CPU
	EndGlobalSection
	GlobalSection(ProjectConfigurationPlatforms) = postSolution
		{D663046F-71DB-4BD5-B516-2B9561CA7732}.Debug|Any CPU.ActiveCfg = Debug|Any CPU
		{D663046F-71DB-4BD5-B516-2B9561CA7732}.Debug|Any CPU.Build.0 = Debug|Any CPU
		{D663046F-71DB-4BD5-B516-2B9561CA7732}.Release|Any CPU.ActiveCfg = Release|Any CPU
		{D663046F-71DB-4BD5-B516-2B9561CA7732}.Release|Any CPU.Build.0 = Release|Any CPU
		{BFA75679-D592-48CD-B3BC-9F483872207E}.Debug|Any CPU.ActiveCfg = Debug|Any CPU
		{BFA75679-D592-48CD-B3BC-9F483872207E}.Debug|Any CPU.Build.0 = Debug|Any CPU
		{BFA75679-D592-48CD-B3BC-9F483872207E}.Release|Any CPU.ActiveCfg = Release|Any CPU
		{BFA75679-D592-48CD-B3BC-9F483872207E}.Release|Any CPU.Build.0 = Release|Any CPU
	EndGlobalSection
	GlobalSection(SolutionProperties) = preSolution
		HideSolutionNode = FALSE
	EndGlobalSection
EndGlobal
